
Microsoft Visual Studio Solution File, Format Version 12.00
# Visual Studio Version 17
VisualStudioVersion = 17.0.31912.275
MinimumVisualStudioVersion = 10.0.40219.1
Project("{888888A0-9F3D-457C-B088-3A5042F75D52}") = "TidePool", "TidePool\TidePool.pyproj", "{DB4123A0-CF02-4EA5-8565-186DC449133D}"
EndProject
Global
	GlobalSection(SolutionConfigurationPlatforms) = preSolution
		Debug|Any CPU = Debug|Any CPU
		Release|Any CPU = Release|Any CPU
	EndGlobalSection
	GlobalSection(ProjectConfigurationPlatforms) = postSolution
		{DB4123A0-CF02-4EA5-8565-186DC449133D}.Debug|Any CPU.ActiveCfg = Debug|Any CPU
		{DB4123A0-CF02-4EA5-8565-186DC449133D}.Release|Any CPU.ActiveCfg = Release|Any CPU
	EndGlobalSection
	GlobalSection(SolutionProperties) = preSolution
		HideSolutionNode = FALSE
	EndGlobalSection
	GlobalSection(ExtensibilityGlobals) = postSolution
		SolutionGuid = {AE720E8A-1707-4DF4-AD09-305E5DBCC27D}
	EndGlobalSection
EndGlobal
